
Microsoft Visual Studio Solution File, Format Version 12.00
# Visual Studio 15
VisualStudioVersion = 15.0.27004.2002
MinimumVisualStudioVersion = 10.0.40219.1
Project("{FAE04EC0-301F-11D3-BF4B-00C04F79EFBC}") = "HelloWorld", "HelloWorld\HelloWorld.csproj", "{0A05F9DF-627C-4CB1-94D9-F29CE05E8528}"
EndProject
Project("{FAE04EC0-301F-11D3-BF4B-00C04F79EFBC}") = "welcome message", "welcome message\welcome message.csproj", "{3D7419F0-A84A-4A2C-849F-8B669BA97E98}"
EndProject
Project("{FAE04EC0-301F-11D3-BF4B-00C04F79EFBC}") = "NumberFun", "NumberFun\NumberFun.csproj", "{19C70654-AAFF-47E0-9591-05284809921C}"
EndProject
Global
	GlobalSection(SolutionConfigurationPlatforms) = preSolution
		Debug|Any CPU = Debug|Any CPU
		Release|Any CPU = Release|Any CPU
	EndGlobalSection
	GlobalSection(ProjectConfigurationPlatforms) = postSolution
		{0A05F9DF-627C-4CB1-94D9-F29CE05E8528}.Debug|Any CPU.ActiveCfg = Debug|Any CPU
		{0A05F9DF-627C-4CB1-94D9-F29CE05E8528}.Debug|Any CPU.Build.0 = Debug|Any CPU
		{0A05F9DF-627C-4CB1-94D9-F29CE05E8528}.Release|Any CPU.ActiveCfg = Release|Any CPU
		{0A05F9DF-627C-4CB1-94D9-F29CE05E8528}.Release|Any CPU.Build.0 = Release|Any CPU
		{3D7419F0-A84A-4A2C-849F-8B669BA97E98}.Debug|Any CPU.ActiveCfg = Debug|Any CPU
		{3D7419F0-A84A-4A2C-849F-8B669BA97E98}.Debug|Any CPU.Build.0 = Debug|Any CPU
		{3D7419F0-A84A-4A2C-849F-8B669BA97E98}.Release|Any CPU.ActiveCfg = Release|Any CPU
		{3D7419F0-A84A-4A2C-849F-8B669BA97E98}.Release|Any CPU.Build.0 = Release|Any CPU
		{19C70654-AAFF-47E0-9591-05284809921C}.Debug|Any CPU.ActiveCfg = Debug|Any CPU
		{19C70654-AAFF-47E0-9591-05284809921C}.Debug|Any CPU.Build.0 = Debug|Any CPU
		{19C70654-AAFF-47E0-9591-05284809921C}.Release|Any CPU.ActiveCfg = Release|Any CPU
		{19C70654-AAFF-47E0-9591-05284809921C}.Release|Any CPU.Build.0 = Release|Any CPU
	EndGlobalSection
	GlobalSection(SolutionProperties) = preSolution
		HideSolutionNode = FALSE
	EndGlobalSection
	GlobalSection(ExtensibilityGlobals) = postSolution
		SolutionGuid = {79A13CEF-7F6E-48F4-B5B1-0946938F8781}
	EndGlobalSection
EndGlobal
